// !$*UTF8*$!
{
	archiveVersion = 1;
	classes = {
	};
	objectVersion = 55;
	objects = {

/* Begin PBXBuildFile section */
		068024E8922CB4E97576FAD9 /* Pods_CodeChallengeJusto.framework in Frameworks */ = {isa = PBXBuildFile; fileRef = 43EEC4BA269ACDB7037D7B9C /* Pods_CodeChallengeJusto.framework */; };
		71EEFB779B51551F03628098 /* Pods_CodeChallengeJustoTests.framework in Frameworks */ = {isa = PBXBuildFile; fileRef = 4BF89176BBA42C1F8CB8D299 /* Pods_CodeChallengeJustoTests.framework */; };
		C050AAE928A076CE00616794 /* Date+Extensions.swift in Sources */ = {isa = PBXBuildFile; fileRef = C050AAE828A076CE00616794 /* Date+Extensions.swift */; };
		C050AAEB28A0854500616794 /* UIFont+Styles.swift in Sources */ = {isa = PBXBuildFile; fileRef = C050AAEA28A0854500616794 /* UIFont+Styles.swift */; };
		C050AAED28A08F3800616794 /* DetailLaunchViewController.swift in Sources */ = {isa = PBXBuildFile; fileRef = C050AAEC28A08F3800616794 /* DetailLaunchViewController.swift */; };
		C050AAEF28A08FEC00616794 /* ZoomAndSnapFlowLayout.swift in Sources */ = {isa = PBXBuildFile; fileRef = C050AAEE28A08FEC00616794 /* ZoomAndSnapFlowLayout.swift */; };
		C050AAF428A090BE00616794 /* CarrouselCollectionViewCell.swift in Sources */ = {isa = PBXBuildFile; fileRef = C050AAF228A090BE00616794 /* CarrouselCollectionViewCell.swift */; };
		C050AAF528A090BE00616794 /* CarrouselCollectionViewCell.xib in Resources */ = {isa = PBXBuildFile; fileRef = C050AAF328A090BE00616794 /* CarrouselCollectionViewCell.xib */; };
		C050AAF928A0AF3B00616794 /* YTVideo.storyboard in Resources */ = {isa = PBXBuildFile; fileRef = C050AAF828A0AF3A00616794 /* YTVideo.storyboard */; };
		C050AAFB28A0B10F00616794 /* YTVideoPlayerViewController.swift in Sources */ = {isa = PBXBuildFile; fileRef = C050AAFA28A0B10F00616794 /* YTVideoPlayerViewController.swift */; };
		C050AAFE28A0B29A00616794 /* Tools.swift in Sources */ = {isa = PBXBuildFile; fileRef = C050AAFD28A0B29A00616794 /* Tools.swift */; };
		C050AB0128A0B7ED00616794 /* WebView.storyboard in Resources */ = {isa = PBXBuildFile; fileRef = C050AB0028A0B7ED00616794 /* WebView.storyboard */; };
		C050AB0328A0B82600616794 /* WebViewViewController.swift in Sources */ = {isa = PBXBuildFile; fileRef = C050AB0228A0B82600616794 /* WebViewViewController.swift */; };
		C0979C8B289F0DDE006AD353 /* AppDelegate.swift in Sources */ = {isa = PBXBuildFile; fileRef = C0979C8A289F0DDE006AD353 /* AppDelegate.swift */; };
		C0979C8D289F0DDE006AD353 /* SceneDelegate.swift in Sources */ = {isa = PBXBuildFile; fileRef = C0979C8C289F0DDE006AD353 /* SceneDelegate.swift */; };
		C0979C8F289F0DDE006AD353 /* LaunchViewController.swift in Sources */ = {isa = PBXBuildFile; fileRef = C0979C8E289F0DDE006AD353 /* LaunchViewController.swift */; };
		C0979C92289F0DDE006AD353 /* Launch.storyboard in Resources */ = {isa = PBXBuildFile; fileRef = C0979C90289F0DDE006AD353 /* Launch.storyboard */; };
		C0979C94289F0DE1006AD353 /* Assets.xcassets in Resources */ = {isa = PBXBuildFile; fileRef = C0979C93289F0DE1006AD353 /* Assets.xcassets */; };
		C0979C97289F0DE1006AD353 /* LaunchScreen.storyboard in Resources */ = {isa = PBXBuildFile; fileRef = C0979C95289F0DE1006AD353 /* LaunchScreen.storyboard */; };
		C0979CA2289F0DE1006AD353 /* CodeChallengeJustoTests.swift in Sources */ = {isa = PBXBuildFile; fileRef = C0979CA1289F0DE1006AD353 /* CodeChallengeJustoTests.swift */; };
		C0979CAC289F0DE1006AD353 /* CodeChallengeJustoUITests.swift in Sources */ = {isa = PBXBuildFile; fileRef = C0979CAB289F0DE1006AD353 /* CodeChallengeJustoUITests.swift */; };
		C0979CAE289F0DE1006AD353 /* CodeChallengeJustoUITestsLaunchTests.swift in Sources */ = {isa = PBXBuildFile; fileRef = C0979CAD289F0DE1006AD353 /* CodeChallengeJustoUITestsLaunchTests.swift */; };
		C0979CBE289F116F006AD353 /* ApolloNetworkHelper.swift in Sources */ = {isa = PBXBuildFile; fileRef = C0979CBD289F116F006AD353 /* ApolloNetworkHelper.swift */; };
		C0979CC0289F1195006AD353 /* LaunchList.swift in Sources */ = {isa = PBXBuildFile; fileRef = C0979CBF289F1195006AD353 /* LaunchList.swift */; };
		C0979CC2289F11D8006AD353 /* LaunchList.graphql in Resources */ = {isa = PBXBuildFile; fileRef = C0979CC1289F11D8006AD353 /* LaunchList.graphql */; };
		C0979CC6289F24EB006AD353 /* schema.json in Resources */ = {isa = PBXBuildFile; fileRef = C0979CC5289F24EB006AD353 /* schema.json */; };
		C0979CCA289F2CAF006AD353 /* LaunchViewModel.swift in Sources */ = {isa = PBXBuildFile; fileRef = C0979CC9289F2CAF006AD353 /* LaunchViewModel.swift */; };
		C0979CD2289F7778006AD353 /* LaunchTableViewCell.swift in Sources */ = {isa = PBXBuildFile; fileRef = C0979CD0289F7778006AD353 /* LaunchTableViewCell.swift */; };
		C0979CD3289F7778006AD353 /* LaunchTableViewCell.xib in Resources */ = {isa = PBXBuildFile; fileRef = C0979CD1289F7778006AD353 /* LaunchTableViewCell.xib */; };
		C0979CD8289F8B4B006AD353 /* MainCoordinator.swift in Sources */ = {isa = PBXBuildFile; fileRef = C0979CD7289F8B4B006AD353 /* MainCoordinator.swift */; };
		C0979CDA289F8B88006AD353 /* Coordinator.swift in Sources */ = {isa = PBXBuildFile; fileRef = C0979CD9289F8B88006AD353 /* Coordinator.swift */; };
		C0979CDD289F8C2A006AD353 /* Storyboarded.swift in Sources */ = {isa = PBXBuildFile; fileRef = C0979CDC289F8C2A006AD353 /* Storyboarded.swift */; };
		C0979CE2289F8D50006AD353 /* LaunchCoordinator.swift in Sources */ = {isa = PBXBuildFile; fileRef = C0979CE1289F8D50006AD353 /* LaunchCoordinator.swift */; };
		C0979CE5289F8D9A006AD353 /* Extensions.swift in Sources */ = {isa = PBXBuildFile; fileRef = C0979CE4289F8D9A006AD353 /* Extensions.swift */; };
		C0979CE7289F8DD1006AD353 /* UIColor+Definition.swift in Sources */ = {isa = PBXBuildFile; fileRef = C0979CE6289F8DD1006AD353 /* UIColor+Definition.swift */; };
		C0979CEA289F92A4006AD353 /* loading.gif in Resources */ = {isa = PBXBuildFile; fileRef = C0979CE9289F92A4006AD353 /* loading.gif */; };
		C0979CEE289F9384006AD353 /* Loader.xib in Resources */ = {isa = PBXBuildFile; fileRef = C0979CED289F9384006AD353 /* Loader.xib */; };
		C0979CF0289F944C006AD353 /* LoaderViewController.swift in Sources */ = {isa = PBXBuildFile; fileRef = C0979CEF289F944C006AD353 /* LoaderViewController.swift */; };
		C0979CF2289F9541006AD353 /* LoaderPresentable.swift in Sources */ = {isa = PBXBuildFile; fileRef = C0979CF1289F9541006AD353 /* LoaderPresentable.swift */; };
		C0979CF4289F95AC006AD353 /* Image+Gif.swift in Sources */ = {isa = PBXBuildFile; fileRef = C0979CF3289F95AC006AD353 /* Image+Gif.swift */; };
		CDCCD10BEC80333D44B51B45 /* Pods_CodeChallengeJusto_CodeChallengeJustoUITests.framework in Frameworks */ = {isa = PBXBuildFile; fileRef = 8BFE2443317F69CBD3830486 /* Pods_CodeChallengeJusto_CodeChallengeJustoUITests.framework */; };
/* End PBXBuildFile section */

/* Begin PBXContainerItemProxy section */
		C0979C9E289F0DE1006AD353 /* PBXContainerItemProxy */ = {
			isa = PBXContainerItemProxy;
			containerPortal = C0979C7F289F0DDD006AD353 /* Project object */;
			proxyType = 1;
			remoteGlobalIDString = C0979C86289F0DDD006AD353;
			remoteInfo = CodeChallengeJusto;
		};
		C0979CA8289F0DE1006AD353 /* PBXContainerItemProxy */ = {
			isa = PBXContainerItemProxy;
			containerPortal = C0979C7F289F0DDD006AD353 /* Project object */;
			proxyType = 1;
			remoteGlobalIDString = C0979C86289F0DDD006AD353;
			remoteInfo = CodeChallengeJusto;
		};
/* End PBXContainerItemProxy section */

/* Begin PBXFileReference section */
		43EEC4BA269ACDB7037D7B9C /* Pods_CodeChallengeJusto.framework */ = {isa = PBXFileReference; explicitFileType = wrapper.framework; includeInIndex = 0; path = Pods_CodeChallengeJusto.framework; sourceTree = BUILT_PRODUCTS_DIR; };
		4BE97F61D60EAE920FE23E31 /* Pods-CodeChallengeJusto-CodeChallengeJustoUITests.release.xcconfig */ = {isa = PBXFileReference; includeInIndex = 1; lastKnownFileType = text.xcconfig; name = "Pods-CodeChallengeJusto-CodeChallengeJustoUITests.release.xcconfig"; path = "Target Support Files/Pods-CodeChallengeJusto-CodeChallengeJustoUITests/Pods-CodeChallengeJusto-CodeChallengeJustoUITests.release.xcconfig"; sourceTree = "<group>"; };
		4BF89176BBA42C1F8CB8D299 /* Pods_CodeChallengeJustoTests.framework */ = {isa = PBXFileReference; explicitFileType = wrapper.framework; includeInIndex = 0; path = Pods_CodeChallengeJustoTests.framework; sourceTree = BUILT_PRODUCTS_DIR; };
		55405EF32071438BBA55743E /* Pods-CodeChallengeJustoTests.release.xcconfig */ = {isa = PBXFileReference; includeInIndex = 1; lastKnownFileType = text.xcconfig; name = "Pods-CodeChallengeJustoTests.release.xcconfig"; path = "Target Support Files/Pods-CodeChallengeJustoTests/Pods-CodeChallengeJustoTests.release.xcconfig"; sourceTree = "<group>"; };
		686B7D48FEF127ED8B03C615 /* Pods-CodeChallengeJusto-CodeChallengeJustoUITests.debug.xcconfig */ = {isa = PBXFileReference; includeInIndex = 1; lastKnownFileType = text.xcconfig; name = "Pods-CodeChallengeJusto-CodeChallengeJustoUITests.debug.xcconfig"; path = "Target Support Files/Pods-CodeChallengeJusto-CodeChallengeJustoUITests/Pods-CodeChallengeJusto-CodeChallengeJustoUITests.debug.xcconfig"; sourceTree = "<group>"; };
		68B460898E6C05C2C4172007 /* Pods-CodeChallengeJusto.debug.xcconfig */ = {isa = PBXFileReference; includeInIndex = 1; lastKnownFileType = text.xcconfig; name = "Pods-CodeChallengeJusto.debug.xcconfig"; path = "Target Support Files/Pods-CodeChallengeJusto/Pods-CodeChallengeJusto.debug.xcconfig"; sourceTree = "<group>"; };
		8BFE2443317F69CBD3830486 /* Pods_CodeChallengeJusto_CodeChallengeJustoUITests.framework */ = {isa = PBXFileReference; explicitFileType = wrapper.framework; includeInIndex = 0; path = Pods_CodeChallengeJusto_CodeChallengeJustoUITests.framework; sourceTree = BUILT_PRODUCTS_DIR; };
		A9F069D51BE94665409229D8 /* Pods-CodeChallengeJustoTests.debug.xcconfig */ = {isa = PBXFileReference; includeInIndex = 1; lastKnownFileType = text.xcconfig; name = "Pods-CodeChallengeJustoTests.debug.xcconfig"; path = "Target Support Files/Pods-CodeChallengeJustoTests/Pods-CodeChallengeJustoTests.debug.xcconfig"; sourceTree = "<group>"; };
		C050AAE828A076CE00616794 /* Date+Extensions.swift */ = {isa = PBXFileReference; lastKnownFileType = sourcecode.swift; path = "Date+Extensions.swift"; sourceTree = "<group>"; };
		C050AAEA28A0854500616794 /* UIFont+Styles.swift */ = {isa = PBXFileReference; lastKnownFileType = sourcecode.swift; path = "UIFont+Styles.swift"; sourceTree = "<group>"; };
		C050AAEC28A08F3800616794 /* DetailLaunchViewController.swift */ = {isa = PBXFileReference; lastKnownFileType = sourcecode.swift; path = DetailLaunchViewController.swift; sourceTree = "<group>"; };
		C050AAEE28A08FEC00616794 /* ZoomAndSnapFlowLayout.swift */ = {isa = PBXFileReference; lastKnownFileType = sourcecode.swift; path = ZoomAndSnapFlowLayout.swift; sourceTree = "<group>"; };
		C050AAF228A090BE00616794 /* CarrouselCollectionViewCell.swift */ = {isa = PBXFileReference; lastKnownFileType = sourcecode.swift; path = CarrouselCollectionViewCell.swift; sourceTree = "<group>"; };
		C050AAF328A090BE00616794 /* CarrouselCollectionViewCell.xib */ = {isa = PBXFileReference; lastKnownFileType = file.xib; path = CarrouselCollectionViewCell.xib; sourceTree = "<group>"; };
		C050AAF828A0AF3A00616794 /* YTVideo.storyboard */ = {isa = PBXFileReference; lastKnownFileType = file.storyboard; path = YTVideo.storyboard; sourceTree = "<group>"; };
		C050AAFA28A0B10F00616794 /* YTVideoPlayerViewController.swift */ = {isa = PBXFileReference; lastKnownFileType = sourcecode.swift; path = YTVideoPlayerViewController.swift; sourceTree = "<group>"; };
		C050AAFD28A0B29A00616794 /* Tools.swift */ = {isa = PBXFileReference; lastKnownFileType = sourcecode.swift; path = Tools.swift; sourceTree = "<group>"; };
		C050AB0028A0B7ED00616794 /* WebView.storyboard */ = {isa = PBXFileReference; lastKnownFileType = file.storyboard; path = WebView.storyboard; sourceTree = "<group>"; };
		C050AB0228A0B82600616794 /* WebViewViewController.swift */ = {isa = PBXFileReference; lastKnownFileType = sourcecode.swift; path = WebViewViewController.swift; sourceTree = "<group>"; };
		C0979C87289F0DDE006AD353 /* CodeChallengeJusto.app */ = {isa = PBXFileReference; explicitFileType = wrapper.application; includeInIndex = 0; path = CodeChallengeJusto.app; sourceTree = BUILT_PRODUCTS_DIR; };
		C0979C8A289F0DDE006AD353 /* AppDelegate.swift */ = {isa = PBXFileReference; lastKnownFileType = sourcecode.swift; path = AppDelegate.swift; sourceTree = "<group>"; };
		C0979C8C289F0DDE006AD353 /* SceneDelegate.swift */ = {isa = PBXFileReference; lastKnownFileType = sourcecode.swift; path = SceneDelegate.swift; sourceTree = "<group>"; };
		C0979C8E289F0DDE006AD353 /* LaunchViewController.swift */ = {isa = PBXFileReference; lastKnownFileType = sourcecode.swift; path = LaunchViewController.swift; sourceTree = "<group>"; };
		C0979C91289F0DDE006AD353 /* Base */ = {isa = PBXFileReference; lastKnownFileType = file.storyboard; name = Base; path = Base.lproj/Launch.storyboard; sourceTree = "<group>"; };
		C0979C93289F0DE1006AD353 /* Assets.xcassets */ = {isa = PBXFileReference; lastKnownFileType = folder.assetcatalog; path = Assets.xcassets; sourceTree = "<group>"; };
		C0979C96289F0DE1006AD353 /* Base */ = {isa = PBXFileReference; lastKnownFileType = file.storyboard; name = Base; path = Base.lproj/LaunchScreen.storyboard; sourceTree = "<group>"; };
		C0979C98289F0DE1006AD353 /* Info.plist */ = {isa = PBXFileReference; lastKnownFileType = text.plist.xml; path = Info.plist; sourceTree = "<group>"; };
		C0979C9D289F0DE1006AD353 /* CodeChallengeJustoTests.xctest */ = {isa = PBXFileReference; explicitFileType = wrapper.cfbundle; includeInIndex = 0; path = CodeChallengeJustoTests.xctest; sourceTree = BUILT_PRODUCTS_DIR; };
		C0979CA1289F0DE1006AD353 /* CodeChallengeJustoTests.swift */ = {isa = PBXFileReference; lastKnownFileType = sourcecode.swift; path = CodeChallengeJustoTests.swift; sourceTree = "<group>"; };
		C0979CA7289F0DE1006AD353 /* CodeChallengeJustoUITests.xctest */ = {isa = PBXFileReference; explicitFileType = wrapper.cfbundle; includeInIndex = 0; path = CodeChallengeJustoUITests.xctest; sourceTree = BUILT_PRODUCTS_DIR; };
		C0979CAB289F0DE1006AD353 /* CodeChallengeJustoUITests.swift */ = {isa = PBXFileReference; lastKnownFileType = sourcecode.swift; path = CodeChallengeJustoUITests.swift; sourceTree = "<group>"; };
		C0979CAD289F0DE1006AD353 /* CodeChallengeJustoUITestsLaunchTests.swift */ = {isa = PBXFileReference; lastKnownFileType = sourcecode.swift; path = CodeChallengeJustoUITestsLaunchTests.swift; sourceTree = "<group>"; };
		C0979CBD289F116F006AD353 /* ApolloNetworkHelper.swift */ = {isa = PBXFileReference; lastKnownFileType = sourcecode.swift; path = ApolloNetworkHelper.swift; sourceTree = "<group>"; };
		C0979CBF289F1195006AD353 /* LaunchList.swift */ = {isa = PBXFileReference; lastKnownFileType = sourcecode.swift; path = LaunchList.swift; sourceTree = "<group>"; };
		C0979CC1289F11D8006AD353 /* LaunchList.graphql */ = {isa = PBXFileReference; lastKnownFileType = text; path = LaunchList.graphql; sourceTree = "<group>"; };
		C0979CC5289F24EB006AD353 /* schema.json */ = {isa = PBXFileReference; fileEncoding = 4; lastKnownFileType = text.json; path = schema.json; sourceTree = "<group>"; };
		C0979CC9289F2CAF006AD353 /* LaunchViewModel.swift */ = {isa = PBXFileReference; lastKnownFileType = sourcecode.swift; path = LaunchViewModel.swift; sourceTree = "<group>"; };
		C0979CD0289F7778006AD353 /* LaunchTableViewCell.swift */ = {isa = PBXFileReference; lastKnownFileType = sourcecode.swift; path = LaunchTableViewCell.swift; sourceTree = "<group>"; };
		C0979CD1289F7778006AD353 /* LaunchTableViewCell.xib */ = {isa = PBXFileReference; lastKnownFileType = file.xib; path = LaunchTableViewCell.xib; sourceTree = "<group>"; };
		C0979CD7289F8B4B006AD353 /* MainCoordinator.swift */ = {isa = PBXFileReference; lastKnownFileType = sourcecode.swift; path = MainCoordinator.swift; sourceTree = "<group>"; };
		C0979CD9289F8B88006AD353 /* Coordinator.swift */ = {isa = PBXFileReference; lastKnownFileType = sourcecode.swift; path = Coordinator.swift; sourceTree = "<group>"; };
		C0979CDC289F8C2A006AD353 /* Storyboarded.swift */ = {isa = PBXFileReference; lastKnownFileType = sourcecode.swift; path = Storyboarded.swift; sourceTree = "<group>"; };
		C0979CE1289F8D50006AD353 /* LaunchCoordinator.swift */ = {isa = PBXFileReference; lastKnownFileType = sourcecode.swift; path = LaunchCoordinator.swift; sourceTree = "<group>"; };
		C0979CE4289F8D9A006AD353 /* Extensions.swift */ = {isa = PBXFileReference; lastKnownFileType = sourcecode.swift; path = Extensions.swift; sourceTree = "<group>"; };
		C0979CE6289F8DD1006AD353 /* UIColor+Definition.swift */ = {isa = PBXFileReference; lastKnownFileType = sourcecode.swift; path = "UIColor+Definition.swift"; sourceTree = "<group>"; };
		C0979CE9289F92A4006AD353 /* loading.gif */ = {isa = PBXFileReference; lastKnownFileType = image.gif; path = loading.gif; sourceTree = "<group>"; };
		C0979CED289F9384006AD353 /* Loader.xib */ = {isa = PBXFileReference; lastKnownFileType = file.xib; path = Loader.xib; sourceTree = "<group>"; };
		C0979CEF289F944C006AD353 /* LoaderViewController.swift */ = {isa = PBXFileReference; lastKnownFileType = sourcecode.swift; path = LoaderViewController.swift; sourceTree = "<group>"; };
		C0979CF1289F9541006AD353 /* LoaderPresentable.swift */ = {isa = PBXFileReference; lastKnownFileType = sourcecode.swift; path = LoaderPresentable.swift; sourceTree = "<group>"; };
		C0979CF3289F95AC006AD353 /* Image+Gif.swift */ = {isa = PBXFileReference; lastKnownFileType = sourcecode.swift; path = "Image+Gif.swift"; sourceTree = "<group>"; };
		E9D1DB51FFF72BDB27033854 /* Pods-CodeChallengeJusto.release.xcconfig */ = {isa = PBXFileReference; includeInIndex = 1; lastKnownFileType = text.xcconfig; name = "Pods-CodeChallengeJusto.release.xcconfig"; path = "Target Support Files/Pods-CodeChallengeJusto/Pods-CodeChallengeJusto.release.xcconfig"; sourceTree = "<group>"; };
/* End PBXFileReference section */

/* Begin PBXFrameworksBuildPhase section */
		C0979C84289F0DDD006AD353 /* Frameworks */ = {
			isa = PBXFrameworksBuildPhase;
			buildActionMask = 2147483647;
			files = (
				068024E8922CB4E97576FAD9 /* Pods_CodeChallengeJusto.framework in Frameworks */,
			);
			runOnlyForDeploymentPostprocessing = 0;
		};
		C0979C9A289F0DE1006AD353 /* Frameworks */ = {
			isa = PBXFrameworksBuildPhase;
			buildActionMask = 2147483647;
			files = (
				71EEFB779B51551F03628098 /* Pods_CodeChallengeJustoTests.framework in Frameworks */,
			);
			runOnlyForDeploymentPostprocessing = 0;
		};
		C0979CA4289F0DE1006AD353 /* Frameworks */ = {
			isa = PBXFrameworksBuildPhase;
			buildActionMask = 2147483647;
			files = (
				CDCCD10BEC80333D44B51B45 /* Pods_CodeChallengeJusto_CodeChallengeJustoUITests.framework in Frameworks */,
			);
			runOnlyForDeploymentPostprocessing = 0;
		};
/* End PBXFrameworksBuildPhase section */

/* Begin PBXGroup section */
		99DCD783FD6995D265B2A368 /* Frameworks */ = {
			isa = PBXGroup;
			children = (
				43EEC4BA269ACDB7037D7B9C /* Pods_CodeChallengeJusto.framework */,
				8BFE2443317F69CBD3830486 /* Pods_CodeChallengeJusto_CodeChallengeJustoUITests.framework */,
				4BF89176BBA42C1F8CB8D299 /* Pods_CodeChallengeJustoTests.framework */,
			);
			name = Frameworks;
			sourceTree = "<group>";
		};
		C050AAE728A06D5800616794 /* GrapghQL */ = {
			isa = PBXGroup;
			children = (
				C0979CC5289F24EB006AD353 /* schema.json */,
				C0979CBD289F116F006AD353 /* ApolloNetworkHelper.swift */,
				C0979CBF289F1195006AD353 /* LaunchList.swift */,
				C0979CC1289F11D8006AD353 /* LaunchList.graphql */,
			);
			name = GrapghQL;
			sourceTree = "<group>";
		};
		C050AAF028A0907000616794 /* Cells */ = {
			isa = PBXGroup;
			children = (
				C050AAF628A0946900616794 /* Launch */,
				C050AAF128A0907E00616794 /* DetailsLaunch */,
			);
			path = Cells;
			sourceTree = "<group>";
		};
		C050AAF128A0907E00616794 /* DetailsLaunch */ = {
			isa = PBXGroup;
			children = (
				C050AAF228A090BE00616794 /* CarrouselCollectionViewCell.swift */,
				C050AAF328A090BE00616794 /* CarrouselCollectionViewCell.xib */,
			);
			path = DetailsLaunch;
			sourceTree = "<group>";
		};
		C050AAF628A0946900616794 /* Launch */ = {
			isa = PBXGroup;
			children = (
				C0979CD1289F7778006AD353 /* LaunchTableViewCell.xib */,
				C0979CD0289F7778006AD353 /* LaunchTableViewCell.swift */,
			);
			path = Launch;
			sourceTree = "<group>";
		};
		C050AAF728A0AF2100616794 /* TYVideo */ = {
			isa = PBXGroup;
			children = (
				C050AAF828A0AF3A00616794 /* YTVideo.storyboard */,
				C050AAFA28A0B10F00616794 /* YTVideoPlayerViewController.swift */,
			);
			path = TYVideo;
			sourceTree = "<group>";
		};
		C050AAFC28A0B26B00616794 /* Tools */ = {
			isa = PBXGroup;
			children = (
				C050AAFD28A0B29A00616794 /* Tools.swift */,
			);
			path = Tools;
			sourceTree = "<group>";
		};
		C050AAFF28A0B7D800616794 /* WebView */ = {
			isa = PBXGroup;
			children = (
				C050AB0028A0B7ED00616794 /* WebView.storyboard */,
				C050AB0228A0B82600616794 /* WebViewViewController.swift */,
			);
			path = WebView;
			sourceTree = "<group>";
		};
		C0979C7E289F0DDD006AD353 = {
			isa = PBXGroup;
			children = (
				C0979C89289F0DDE006AD353 /* CodeChallengeJusto */,
				C0979CA0289F0DE1006AD353 /* CodeChallengeJustoTests */,
				C0979CAA289F0DE1006AD353 /* CodeChallengeJustoUITests */,
				C0979C88289F0DDE006AD353 /* Products */,
				F45410082B082BC421B20513 /* Pods */,
				99DCD783FD6995D265B2A368 /* Frameworks */,
			);
			sourceTree = "<group>";
		};
		C0979C88289F0DDE006AD353 /* Products */ = {
			isa = PBXGroup;
			children = (
				C0979C87289F0DDE006AD353 /* CodeChallengeJusto.app */,
				C0979C9D289F0DE1006AD353 /* CodeChallengeJustoTests.xctest */,
				C0979CA7289F0DE1006AD353 /* CodeChallengeJustoUITests.xctest */,
			);
			name = Products;
			sourceTree = "<group>";
		};
		C0979C89289F0DDE006AD353 /* CodeChallengeJusto */ = {
			isa = PBXGroup;
			children = (
				C0979CD4289F8AF7006AD353 /* App */,
				C050AAE728A06D5800616794 /* GrapghQL */,
				C0979CE8289F926C006AD353 /* Resources */,
				C0979C8A289F0DDE006AD353 /* AppDelegate.swift */,
				C0979C8C289F0DDE006AD353 /* SceneDelegate.swift */,
				C0979C95289F0DE1006AD353 /* LaunchScreen.storyboard */,
				C0979C98289F0DE1006AD353 /* Info.plist */,
			);
			path = CodeChallengeJusto;
			sourceTree = "<group>";
		};
		C0979CA0289F0DE1006AD353 /* CodeChallengeJustoTests */ = {
			isa = PBXGroup;
			children = (
				C0979CA1289F0DE1006AD353 /* CodeChallengeJustoTests.swift */,
			);
			path = CodeChallengeJustoTests;
			sourceTree = "<group>";
		};
		C0979CAA289F0DE1006AD353 /* CodeChallengeJustoUITests */ = {
			isa = PBXGroup;
			children = (
				C0979CAB289F0DE1006AD353 /* CodeChallengeJustoUITests.swift */,
				C0979CAD289F0DE1006AD353 /* CodeChallengeJustoUITestsLaunchTests.swift */,
			);
			path = CodeChallengeJustoUITests;
			sourceTree = "<group>";
		};
		C0979CBA289F1121006AD353 /* View */ = {
			isa = PBXGroup;
			children = (
				C0979C90289F0DDE006AD353 /* Launch.storyboard */,
				C0979C8E289F0DDE006AD353 /* LaunchViewController.swift */,
				C050AAEC28A08F3800616794 /* DetailLaunchViewController.swift */,
			);
			path = View;
			sourceTree = "<group>";
		};
		C0979CBB289F112A006AD353 /* ViewModel */ = {
			isa = PBXGroup;
			children = (
				C0979CC9289F2CAF006AD353 /* LaunchViewModel.swift */,
			);
			path = ViewModel;
			sourceTree = "<group>";
		};
		C0979CD4289F8AF7006AD353 /* App */ = {
			isa = PBXGroup;
			children = (
				C0979CD5289F8B00006AD353 /* Common */,
				C0979CDE289F8C8F006AD353 /* Modules */,
				C0979CBB289F112A006AD353 /* ViewModel */,
			);
			path = App;
			sourceTree = "<group>";
		};
		C0979CD5289F8B00006AD353 /* Common */ = {
			isa = PBXGroup;
			children = (
				C050AAFF28A0B7D800616794 /* WebView */,
				C050AAF728A0AF2100616794 /* TYVideo */,
				C050AAF028A0907000616794 /* Cells */,
				C0979CEB289F9369006AD353 /* Views */,
				C0979CDB289F8C0B006AD353 /* Storyboarded */,
				C0979CD6289F8B0C006AD353 /* Coordinator */,
				C0979CE3289F8D85006AD353 /* Extensions */,
				C050AAFC28A0B26B00616794 /* Tools */,
			);
			path = Common;
			sourceTree = "<group>";
		};
		C0979CD6289F8B0C006AD353 /* Coordinator */ = {
			isa = PBXGroup;
			children = (
				C0979CD9289F8B88006AD353 /* Coordinator.swift */,
				C0979CD7289F8B4B006AD353 /* MainCoordinator.swift */,
			);
			path = Coordinator;
			sourceTree = "<group>";
		};
		C0979CDB289F8C0B006AD353 /* Storyboarded */ = {
			isa = PBXGroup;
			children = (
				C0979CDC289F8C2A006AD353 /* Storyboarded.swift */,
			);
			path = Storyboarded;
			sourceTree = "<group>";
		};
		C0979CDE289F8C8F006AD353 /* Modules */ = {
			isa = PBXGroup;
			children = (
				C0979CDF289F8CA7006AD353 /* Launch */,
			);
			path = Modules;
			sourceTree = "<group>";
		};
		C0979CDF289F8CA7006AD353 /* Launch */ = {
			isa = PBXGroup;
			children = (
				C0979CE0289F8CC5006AD353 /* Coordinator */,
				C0979CBA289F1121006AD353 /* View */,
			);
			path = Launch;
			sourceTree = "<group>";
		};
		C0979CE0289F8CC5006AD353 /* Coordinator */ = {
			isa = PBXGroup;
			children = (
				C0979CE1289F8D50006AD353 /* LaunchCoordinator.swift */,
			);
			path = Coordinator;
			sourceTree = "<group>";
		};
		C0979CE3289F8D85006AD353 /* Extensions */ = {
			isa = PBXGroup;
			children = (
				C0979CE4289F8D9A006AD353 /* Extensions.swift */,
				C0979CE6289F8DD1006AD353 /* UIColor+Definition.swift */,
				C050AAE828A076CE00616794 /* Date+Extensions.swift */,
				C050AAEA28A0854500616794 /* UIFont+Styles.swift */,
			);
			path = Extensions;
			sourceTree = "<group>";
		};
		C0979CE8289F926C006AD353 /* Resources */ = {
			isa = PBXGroup;
			children = (
				C0979CE9289F92A4006AD353 /* loading.gif */,
				C0979C93289F0DE1006AD353 /* Assets.xcassets */,
			);
			path = Resources;
			sourceTree = "<group>";
		};
		C0979CEB289F9369006AD353 /* Views */ = {
			isa = PBXGroup;
			children = (
				C0979CEC289F9371006AD353 /* Loader */,
				C0979CF3289F95AC006AD353 /* Image+Gif.swift */,
				C050AAEE28A08FEC00616794 /* ZoomAndSnapFlowLayout.swift */,
			);
			path = Views;
			sourceTree = "<group>";
		};
		C0979CEC289F9371006AD353 /* Loader */ = {
			isa = PBXGroup;
			children = (
				C0979CED289F9384006AD353 /* Loader.xib */,
				C0979CEF289F944C006AD353 /* LoaderViewController.swift */,
				C0979CF1289F9541006AD353 /* LoaderPresentable.swift */,
			);
			path = Loader;
			sourceTree = "<group>";
		};
		F45410082B082BC421B20513 /* Pods */ = {
			isa = PBXGroup;
			children = (
				68B460898E6C05C2C4172007 /* Pods-CodeChallengeJusto.debug.xcconfig */,
				E9D1DB51FFF72BDB27033854 /* Pods-CodeChallengeJusto.release.xcconfig */,
				686B7D48FEF127ED8B03C615 /* Pods-CodeChallengeJusto-CodeChallengeJustoUITests.debug.xcconfig */,
				4BE97F61D60EAE920FE23E31 /* Pods-CodeChallengeJusto-CodeChallengeJustoUITests.release.xcconfig */,
				A9F069D51BE94665409229D8 /* Pods-CodeChallengeJustoTests.debug.xcconfig */,
				55405EF32071438BBA55743E /* Pods-CodeChallengeJustoTests.release.xcconfig */,
			);
			path = Pods;
			sourceTree = "<group>";
		};
/* End PBXGroup section */

/* Begin PBXNativeTarget section */
		C0979C86289F0DDD006AD353 /* CodeChallengeJusto */ = {
			isa = PBXNativeTarget;
			buildConfigurationList = C0979CB1289F0DE1006AD353 /* Build configuration list for PBXNativeTarget "CodeChallengeJusto" */;
			buildPhases = (
				1BC5184F88E2D58ACADD97A5 /* [CP] Check Pods Manifest.lock */,
				B65312CA7E7C85AD379686DB /* [CP] Embed Pods Frameworks */,
				C0979C83289F0DDD006AD353 /* Sources */,
				C0979C84289F0DDD006AD353 /* Frameworks */,
				C0979C85289F0DDD006AD353 /* Resources */,
				C0979CC7289F2545006AD353 /* Apollo */,
			);
			buildRules = (
			);
			dependencies = (
			);
			name = CodeChallengeJusto;
			productName = CodeChallengeJusto;
			productReference = C0979C87289F0DDE006AD353 /* CodeChallengeJusto.app */;
			productType = "com.apple.product-type.application";
		};
		C0979C9C289F0DE1006AD353 /* CodeChallengeJustoTests */ = {
			isa = PBXNativeTarget;
			buildConfigurationList = C0979CB4289F0DE1006AD353 /* Build configuration list for PBXNativeTarget "CodeChallengeJustoTests" */;
			buildPhases = (
				836E5459A08210551CD60CBE /* [CP] Check Pods Manifest.lock */,
				C0979C99289F0DE1006AD353 /* Sources */,
				C0979C9A289F0DE1006AD353 /* Frameworks */,
				C0979C9B289F0DE1006AD353 /* Resources */,
			);
			buildRules = (
			);
			dependencies = (
				C0979C9F289F0DE1006AD353 /* PBXTargetDependency */,
			);
			name = CodeChallengeJustoTests;
			productName = CodeChallengeJustoTests;
			productReference = C0979C9D289F0DE1006AD353 /* CodeChallengeJustoTests.xctest */;
			productType = "com.apple.product-type.bundle.unit-test";
		};
		C0979CA6289F0DE1006AD353 /* CodeChallengeJustoUITests */ = {
			isa = PBXNativeTarget;
			buildConfigurationList = C0979CB7289F0DE1006AD353 /* Build configuration list for PBXNativeTarget "CodeChallengeJustoUITests" */;
			buildPhases = (
				18269A493C2FAC378B66DABF /* [CP] Check Pods Manifest.lock */,
				C0979CA3289F0DE1006AD353 /* Sources */,
				C0979CA4289F0DE1006AD353 /* Frameworks */,
				C0979CA5289F0DE1006AD353 /* Resources */,
				21958D9695F2DC90070C380B /* [CP] Embed Pods Frameworks */,
			);
			buildRules = (
			);
			dependencies = (
				C0979CA9289F0DE1006AD353 /* PBXTargetDependency */,
			);
			name = CodeChallengeJustoUITests;
			productName = CodeChallengeJustoUITests;
			productReference = C0979CA7289F0DE1006AD353 /* CodeChallengeJustoUITests.xctest */;
			productType = "com.apple.product-type.bundle.ui-testing";
		};
/* End PBXNativeTarget section */

/* Begin PBXProject section */
		C0979C7F289F0DDD006AD353 /* Project object */ = {
			isa = PBXProject;
			attributes = {
				BuildIndependentTargetsInParallel = 1;
				LastSwiftUpdateCheck = 1340;
				LastUpgradeCheck = 1340;
				TargetAttributes = {
					C0979C86289F0DDD006AD353 = {
						CreatedOnToolsVersion = 13.4;
					};
					C0979C9C289F0DE1006AD353 = {
						CreatedOnToolsVersion = 13.4;
						TestTargetID = C0979C86289F0DDD006AD353;
					};
					C0979CA6289F0DE1006AD353 = {
						CreatedOnToolsVersion = 13.4;
						TestTargetID = C0979C86289F0DDD006AD353;
					};
				};
			};
			buildConfigurationList = C0979C82289F0DDD006AD353 /* Build configuration list for PBXProject "CodeChallengeJusto" */;
			compatibilityVersion = "Xcode 13.0";
			developmentRegion = en;
			hasScannedForEncodings = 0;
			knownRegions = (
				en,
				Base,
			);
			mainGroup = C0979C7E289F0DDD006AD353;
			productRefGroup = C0979C88289F0DDE006AD353 /* Products */;
			projectDirPath = "";
			projectRoot = "";
			targets = (
				C0979C86289F0DDD006AD353 /* CodeChallengeJusto */,
				C0979C9C289F0DE1006AD353 /* CodeChallengeJustoTests */,
				C0979CA6289F0DE1006AD353 /* CodeChallengeJustoUITests */,
			);
		};
/* End PBXProject section */

/* Begin PBXResourcesBuildPhase section */
		C0979C85289F0DDD006AD353 /* Resources */ = {
			isa = PBXResourcesBuildPhase;
			buildActionMask = 2147483647;
			files = (
				C0979CD3289F7778006AD353 /* LaunchTableViewCell.xib in Resources */,
				C0979C97289F0DE1006AD353 /* LaunchScreen.storyboard in Resources */,
				C0979CEE289F9384006AD353 /* Loader.xib in Resources */,
				C0979CC6289F24EB006AD353 /* schema.json in Resources */,
				C050AAF528A090BE00616794 /* CarrouselCollectionViewCell.xib in Resources */,
				C050AB0128A0B7ED00616794 /* WebView.storyboard in Resources */,
				C0979C94289F0DE1006AD353 /* Assets.xcassets in Resources */,
				C0979CEA289F92A4006AD353 /* loading.gif in Resources */,
				C050AAF928A0AF3B00616794 /* YTVideo.storyboard in Resources */,
				C0979CC2289F11D8006AD353 /* LaunchList.graphql in Resources */,
				C0979C92289F0DDE006AD353 /* Launch.storyboard in Resources */,
			);
			runOnlyForDeploymentPostprocessing = 0;
		};
		C0979C9B289F0DE1006AD353 /* Resources */ = {
			isa = PBXResourcesBuildPhase;
			buildActionMask = 2147483647;
			files = (
			);
			runOnlyForDeploymentPostprocessing = 0;
		};
		C0979CA5289F0DE1006AD353 /* Resources */ = {
			isa = PBXResourcesBuildPhase;
			buildActionMask = 2147483647;
			files = (
			);
			runOnlyForDeploymentPostprocessing = 0;
		};
/* End PBXResourcesBuildPhase section */

/* Begin PBXShellScriptBuildPhase section */
		18269A493C2FAC378B66DABF /* [CP] Check Pods Manifest.lock */ = {
			isa = PBXShellScriptBuildPhase;
			buildActionMask = 2147483647;
			files = (
			);
			inputFileListPaths = (
			);
			inputPaths = (
				"${PODS_PODFILE_DIR_PATH}/Podfile.lock",
				"${PODS_ROOT}/Manifest.lock",
			);
			name = "[CP] Check Pods Manifest.lock";
			outputFileListPaths = (
			);
			outputPaths = (
				"$(DERIVED_FILE_DIR)/Pods-CodeChallengeJusto-CodeChallengeJustoUITests-checkManifestLockResult.txt",
			);
			runOnlyForDeploymentPostprocessing = 0;
			shellPath = /bin/sh;
			shellScript = "diff \"${PODS_PODFILE_DIR_PATH}/Podfile.lock\" \"${PODS_ROOT}/Manifest.lock\" > /dev/null\nif [ $? != 0 ] ; then\n    # print error to STDERR\n    echo \"error: The sandbox is not in sync with the Podfile.lock. Run 'pod install' or update your CocoaPods installation.\" >&2\n    exit 1\nfi\n# This output is used by Xcode 'outputs' to avoid re-running this script phase.\necho \"SUCCESS\" > \"${SCRIPT_OUTPUT_FILE_0}\"\n";
			showEnvVarsInLog = 0;
		};
		1BC5184F88E2D58ACADD97A5 /* [CP] Check Pods Manifest.lock */ = {
			isa = PBXShellScriptBuildPhase;
			buildActionMask = 2147483647;
			files = (
			);
			inputFileListPaths = (
			);
			inputPaths = (
				"${PODS_PODFILE_DIR_PATH}/Podfile.lock",
				"${PODS_ROOT}/Manifest.lock",
			);
			name = "[CP] Check Pods Manifest.lock";
			outputFileListPaths = (
			);
			outputPaths = (
				"$(DERIVED_FILE_DIR)/Pods-CodeChallengeJusto-checkManifestLockResult.txt",
			);
			runOnlyForDeploymentPostprocessing = 0;
			shellPath = /bin/sh;
			shellScript = "diff \"${PODS_PODFILE_DIR_PATH}/Podfile.lock\" \"${PODS_ROOT}/Manifest.lock\" > /dev/null\nif [ $? != 0 ] ; then\n    # print error to STDERR\n    echo \"error: The sandbox is not in sync with the Podfile.lock. Run 'pod install' or update your CocoaPods installation.\" >&2\n    exit 1\nfi\n# This output is used by Xcode 'outputs' to avoid re-running this script phase.\necho \"SUCCESS\" > \"${SCRIPT_OUTPUT_FILE_0}\"\n";
			showEnvVarsInLog = 0;
		};
		21958D9695F2DC90070C380B /* [CP] Embed Pods Frameworks */ = {
			isa = PBXShellScriptBuildPhase;
			buildActionMask = 2147483647;
			files = (
			);
			inputFileListPaths = (
				"${PODS_ROOT}/Target Support Files/Pods-CodeChallengeJusto-CodeChallengeJustoUITests/Pods-CodeChallengeJusto-CodeChallengeJustoUITests-frameworks-${CONFIGURATION}-input-files.xcfilelist",
			);
			name = "[CP] Embed Pods Frameworks";
			outputFileListPaths = (
				"${PODS_ROOT}/Target Support Files/Pods-CodeChallengeJusto-CodeChallengeJustoUITests/Pods-CodeChallengeJusto-CodeChallengeJustoUITests-frameworks-${CONFIGURATION}-output-files.xcfilelist",
			);
			runOnlyForDeploymentPostprocessing = 0;
			shellPath = /bin/sh;
			shellScript = "\"${PODS_ROOT}/Target Support Files/Pods-CodeChallengeJusto-CodeChallengeJustoUITests/Pods-CodeChallengeJusto-CodeChallengeJustoUITests-frameworks.sh\"\n";
			showEnvVarsInLog = 0;
		};
		836E5459A08210551CD60CBE /* [CP] Check Pods Manifest.lock */ = {
			isa = PBXShellScriptBuildPhase;
			buildActionMask = 2147483647;
			files = (
			);
			inputFileListPaths = (
			);
			inputPaths = (
				"${PODS_PODFILE_DIR_PATH}/Podfile.lock",
				"${PODS_ROOT}/Manifest.lock",
			);
			name = "[CP] Check Pods Manifest.lock";
			outputFileListPaths = (
			);
			outputPaths = (
				"$(DERIVED_FILE_DIR)/Pods-CodeChallengeJustoTests-checkManifestLockResult.txt",
			);
			runOnlyForDeploymentPostprocessing = 0;
			shellPath = /bin/sh;
			shellScript = "diff \"${PODS_PODFILE_DIR_PATH}/Podfile.lock\" \"${PODS_ROOT}/Manifest.lock\" > /dev/null\nif [ $? != 0 ] ; then\n    # print error to STDERR\n    echo \"error: The sandbox is not in sync with the Podfile.lock. Run 'pod install' or update your CocoaPods installation.\" >&2\n    exit 1\nfi\n# This output is used by Xcode 'outputs' to avoid re-running this script phase.\necho \"SUCCESS\" > \"${SCRIPT_OUTPUT_FILE_0}\"\n";
			showEnvVarsInLog = 0;
		};
		B65312CA7E7C85AD379686DB /* [CP] Embed Pods Frameworks */ = {
			isa = PBXShellScriptBuildPhase;
			buildActionMask = 2147483647;
			files = (
			);
			inputFileListPaths = (
				"${PODS_ROOT}/Target Support Files/Pods-CodeChallengeJusto/Pods-CodeChallengeJusto-frameworks-${CONFIGURATION}-input-files.xcfilelist",
			);
			name = "[CP] Embed Pods Frameworks";
			outputFileListPaths = (
				"${PODS_ROOT}/Target Support Files/Pods-CodeChallengeJusto/Pods-CodeChallengeJusto-frameworks-${CONFIGURATION}-output-files.xcfilelist",
			);
			runOnlyForDeploymentPostprocessing = 0;
			shellPath = /bin/sh;
			shellScript = "\"${PODS_ROOT}/Target Support Files/Pods-CodeChallengeJusto/Pods-CodeChallengeJusto-frameworks.sh\"\n";
			showEnvVarsInLog = 0;
		};
		C0979CC7289F2545006AD353 /* Apollo */ = {
			isa = PBXShellScriptBuildPhase;
			buildActionMask = 2147483647;
			files = (
			);
			inputFileListPaths = (
			);
			inputPaths = (
			);
			name = Apollo;
			outputFileListPaths = (
			);
			outputPaths = (
			);
			runOnlyForDeploymentPostprocessing = 0;
			shellPath = /bin/sh;
			shellScript = "# Don't run this during index builds\nif [ $ACTION = \"indexbuild\" ]; then exit 0; fi\nSCRIPT_PATH=\"${PODS_ROOT}/Apollo/scripts\"\ncd \"${SRCROOT}/${TARGET_NAME}\"\n\"${SCRIPT_PATH}\"/run-bundled-codegen.sh codegen:generate --target=swift --includes=./**/LaunchList.graphql --localSchemaFile=\"schema.json\" LaunchList.swift\n";
		};
/* End PBXShellScriptBuildPhase section */

/* Begin PBXSourcesBuildPhase section */
		C0979C83289F0DDD006AD353 /* Sources */ = {
			isa = PBXSourcesBuildPhase;
			buildActionMask = 2147483647;
			files = (
				C0979CC0289F1195006AD353 /* LaunchList.swift in Sources */,
				C050AAED28A08F3800616794 /* DetailLaunchViewController.swift in Sources */,
				C0979CD8289F8B4B006AD353 /* MainCoordinator.swift in Sources */,
				C050AAEB28A0854500616794 /* UIFont+Styles.swift in Sources */,
				C0979C8F289F0DDE006AD353 /* LaunchViewController.swift in Sources */,
				C050AAF428A090BE00616794 /* CarrouselCollectionViewCell.swift in Sources */,
				C050AAFE28A0B29A00616794 /* Tools.swift in Sources */,
				C050AAFB28A0B10F00616794 /* YTVideoPlayerViewController.swift in Sources */,
				C0979CBE289F116F006AD353 /* ApolloNetworkHelper.swift in Sources */,
				C0979C8B289F0DDE006AD353 /* AppDelegate.swift in Sources */,
				C0979CE2289F8D50006AD353 /* LaunchCoordinator.swift in Sources */,
				C0979C8D289F0DDE006AD353 /* SceneDelegate.swift in Sources */,
				C0979CE5289F8D9A006AD353 /* Extensions.swift in Sources */,
				C050AAEF28A08FEC00616794 /* ZoomAndSnapFlowLayout.swift in Sources */,
				C050AAE928A076CE00616794 /* Date+Extensions.swift in Sources */,
				C0979CE7289F8DD1006AD353 /* UIColor+Definition.swift in Sources */,
				C0979CD2289F7778006AD353 /* LaunchTableViewCell.swift in Sources */,
				C0979CDD289F8C2A006AD353 /* Storyboarded.swift in Sources */,
				C0979CF0289F944C006AD353 /* LoaderViewController.swift in Sources */,
				C0979CF2289F9541006AD353 /* LoaderPresentable.swift in Sources */,
				C0979CCA289F2CAF006AD353 /* LaunchViewModel.swift in Sources */,
				C0979CF4289F95AC006AD353 /* Image+Gif.swift in Sources */,
				C050AB0328A0B82600616794 /* WebViewViewController.swift in Sources */,
				C0979CDA289F8B88006AD353 /* Coordinator.swift in Sources */,
			);
			runOnlyForDeploymentPostprocessing = 0;
		};
		C0979C99289F0DE1006AD353 /* Sources */ = {
			isa = PBXSourcesBuildPhase;
			buildActionMask = 2147483647;
			files = (
				C0979CA2289F0DE1006AD353 /* CodeChallengeJustoTests.swift in Sources */,
			);
			runOnlyForDeploymentPostprocessing = 0;
		};
		C0979CA3289F0DE1006AD353 /* Sources */ = {
			isa = PBXSourcesBuildPhase;
			buildActionMask = 2147483647;
			files = (
				C0979CAC289F0DE1006AD353 /* CodeChallengeJustoUITests.swift in Sources */,
				C0979CAE289F0DE1006AD353 /* CodeChallengeJustoUITestsLaunchTests.swift in Sources */,
			);
			runOnlyForDeploymentPostprocessing = 0;
		};
/* End PBXSourcesBuildPhase section */

/* Begin PBXTargetDependency section */
		C0979C9F289F0DE1006AD353 /* PBXTargetDependency */ = {
			isa = PBXTargetDependency;
			target = C0979C86289F0DDD006AD353 /* CodeChallengeJusto */;
			targetProxy = C0979C9E289F0DE1006AD353 /* PBXContainerItemProxy */;
		};
		C0979CA9289F0DE1006AD353 /* PBXTargetDependency */ = {
			isa = PBXTargetDependency;
			target = C0979C86289F0DDD006AD353 /* CodeChallengeJusto */;
			targetProxy = C0979CA8289F0DE1006AD353 /* PBXContainerItemProxy */;
		};
/* End PBXTargetDependency section */

/* Begin PBXVariantGroup section */
		C0979C90289F0DDE006AD353 /* Launch.storyboard */ = {
			isa = PBXVariantGroup;
			children = (
				C0979C91289F0DDE006AD353 /* Base */,
			);
			name = Launch.storyboard;
			sourceTree = "<group>";
		};
		C0979C95289F0DE1006AD353 /* LaunchScreen.storyboard */ = {
			isa = PBXVariantGroup;
			children = (
				C0979C96289F0DE1006AD353 /* Base */,
			);
			name = LaunchScreen.storyboard;
			sourceTree = "<group>";
		};
/* End PBXVariantGroup section */

/* Begin XCBuildConfiguration section */
		C0979CAF289F0DE1006AD353 /* Debug */ = {
			isa = XCBuildConfiguration;
			buildSettings = {
				ALWAYS_SEARCH_USER_PATHS = NO;
				CLANG_ANALYZER_NONNULL = YES;
				CLANG_ANALYZER_NUMBER_OBJECT_CONVERSION = YES_AGGRESSIVE;
				CLANG_CXX_LANGUAGE_STANDARD = "gnu++17";
				CLANG_ENABLE_MODULES = YES;
				CLANG_ENABLE_OBJC_ARC = YES;
				CLANG_ENABLE_OBJC_WEAK = YES;
				CLANG_WARN_BLOCK_CAPTURE_AUTORELEASING = YES;
				CLANG_WARN_BOOL_CONVERSION = YES;
				CLANG_WARN_COMMA = YES;
				CLANG_WARN_CONSTANT_CONVERSION = YES;
				CLANG_WARN_DEPRECATED_OBJC_IMPLEMENTATIONS = YES;
				CLANG_WARN_DIRECT_OBJC_ISA_USAGE = YES_ERROR;
				CLANG_WARN_DOCUMENTATION_COMMENTS = YES;
				CLANG_WARN_EMPTY_BODY = YES;
				CLANG_WARN_ENUM_CONVERSION = YES;
				CLANG_WARN_INFINITE_RECURSION = YES;
				CLANG_WARN_INT_CONVERSION = YES;
				CLANG_WARN_NON_LITERAL_NULL_CONVERSION = YES;
				CLANG_WARN_OBJC_IMPLICIT_RETAIN_SELF = YES;
				CLANG_WARN_OBJC_LITERAL_CONVERSION = YES;
				CLANG_WARN_OBJC_ROOT_CLASS = YES_ERROR;
				CLANG_WARN_QUOTED_INCLUDE_IN_FRAMEWORK_HEADER = YES;
				CLANG_WARN_RANGE_LOOP_ANALYSIS = YES;
				CLANG_WARN_STRICT_PROTOTYPES = YES;
				CLANG_WARN_SUSPICIOUS_MOVE = YES;
				CLANG_WARN_UNGUARDED_AVAILABILITY = YES_AGGRESSIVE;
				CLANG_WARN_UNREACHABLE_CODE = YES;
				CLANG_WARN__DUPLICATE_METHOD_MATCH = YES;
				COPY_PHASE_STRIP = NO;
				DEBUG_INFORMATION_FORMAT = dwarf;
				ENABLE_STRICT_OBJC_MSGSEND = YES;
				ENABLE_TESTABILITY = YES;
				GCC_C_LANGUAGE_STANDARD = gnu11;
				GCC_DYNAMIC_NO_PIC = NO;
				GCC_NO_COMMON_BLOCKS = YES;
				GCC_OPTIMIZATION_LEVEL = 0;
				GCC_PREPROCESSOR_DEFINITIONS = (
					"DEBUG=1",
					"$(inherited)",
				);
				GCC_WARN_64_TO_32_BIT_CONVERSION = YES;
				GCC_WARN_ABOUT_RETURN_TYPE = YES_ERROR;
				GCC_WARN_UNDECLARED_SELECTOR = YES;
				GCC_WARN_UNINITIALIZED_AUTOS = YES_AGGRESSIVE;
				GCC_WARN_UNUSED_FUNCTION = YES;
				GCC_WARN_UNUSED_VARIABLE = YES;
				IPHONEOS_DEPLOYMENT_TARGET = 15.5;
				MTL_ENABLE_DEBUG_INFO = INCLUDE_SOURCE;
				MTL_FAST_MATH = YES;
				ONLY_ACTIVE_ARCH = YES;
				SDKROOT = iphoneos;
				SWIFT_ACTIVE_COMPILATION_CONDITIONS = DEBUG;
				SWIFT_OPTIMIZATION_LEVEL = "-Onone";
			};
			name = Debug;
		};
		C0979CB0289F0DE1006AD353 /* Release */ = {
			isa = XCBuildConfiguration;
			buildSettings = {
				ALWAYS_SEARCH_USER_PATHS = NO;
				CLANG_ANALYZER_NONNULL = YES;
				CLANG_ANALYZER_NUMBER_OBJECT_CONVERSION = YES_AGGRESSIVE;
				CLANG_CXX_LANGUAGE_STANDARD = "gnu++17";
				CLANG_ENABLE_MODULES = YES;
				CLANG_ENABLE_OBJC_ARC = YES;
				CLANG_ENABLE_OBJC_WEAK = YES;
				CLANG_WARN_BLOCK_CAPTURE_AUTORELEASING = YES;
				CLANG_WARN_BOOL_CONVERSION = YES;
				CLANG_WARN_COMMA = YES;
				CLANG_WARN_CONSTANT_CONVERSION = YES;
				CLANG_WARN_DEPRECATED_OBJC_IMPLEMENTATIONS = YES;
				CLANG_WARN_DIRECT_OBJC_ISA_USAGE = YES_ERROR;
				CLANG_WARN_DOCUMENTATION_COMMENTS = YES;
				CLANG_WARN_EMPTY_BODY = YES;
				CLANG_WARN_ENUM_CONVERSION = YES;
				CLANG_WARN_INFINITE_RECURSION = YES;
				CLANG_WARN_INT_CONVERSION = YES;
				CLANG_WARN_NON_LITERAL_NULL_CONVERSION = YES;
				CLANG_WARN_OBJC_IMPLICIT_RETAIN_SELF = YES;
				CLANG_WARN_OBJC_LITERAL_CONVERSION = YES;
				CLANG_WARN_OBJC_ROOT_CLASS = YES_ERROR;
				CLANG_WARN_QUOTED_INCLUDE_IN_FRAMEWORK_HEADER = YES;
				CLANG_WARN_RANGE_LOOP_ANALYSIS = YES;
				CLANG_WARN_STRICT_PROTOTYPES = YES;
				CLANG_WARN_SUSPICIOUS_MOVE = YES;
				CLANG_WARN_UNGUARDED_AVAILABILITY = YES_AGGRESSIVE;
				CLANG_WARN_UNREACHABLE_CODE = YES;
				CLANG_WARN__DUPLICATE_METHOD_MATCH = YES;
				COPY_PHASE_STRIP = NO;
				DEBUG_INFORMATION_FORMAT = "dwarf-with-dsym";
				ENABLE_NS_ASSERTIONS = NO;
				ENABLE_STRICT_OBJC_MSGSEND = YES;
				GCC_C_LANGUAGE_STANDARD = gnu11;
				GCC_NO_COMMON_BLOCKS = YES;
				GCC_WARN_64_TO_32_BIT_CONVERSION = YES;
				GCC_WARN_ABOUT_RETURN_TYPE = YES_ERROR;
				GCC_WARN_UNDECLARED_SELECTOR = YES;
				GCC_WARN_UNINITIALIZED_AUTOS = YES_AGGRESSIVE;
				GCC_WARN_UNUSED_FUNCTION = YES;
				GCC_WARN_UNUSED_VARIABLE = YES;
				IPHONEOS_DEPLOYMENT_TARGET = 15.5;
				MTL_ENABLE_DEBUG_INFO = NO;
				MTL_FAST_MATH = YES;
				SDKROOT = iphoneos;
				SWIFT_COMPILATION_MODE = wholemodule;
				SWIFT_OPTIMIZATION_LEVEL = "-O";
				VALIDATE_PRODUCT = YES;
			};
			name = Release;
		};
		C0979CB2289F0DE1006AD353 /* Debug */ = {
			isa = XCBuildConfiguration;
			baseConfigurationReference = 68B460898E6C05C2C4172007 /* Pods-CodeChallengeJusto.debug.xcconfig */;
			buildSettings = {
				ASSETCATALOG_COMPILER_APPICON_NAME = AppIcon;
				ASSETCATALOG_COMPILER_GLOBAL_ACCENT_COLOR_NAME = AccentColor;
				CODE_SIGN_STYLE = Automatic;
				CURRENT_PROJECT_VERSION = 1;
				DEVELOPMENT_TEAM = UMFC9Q5AK9;
				GENERATE_INFOPLIST_FILE = YES;
				INFOPLIST_FILE = CodeChallengeJusto/Info.plist;
				INFOPLIST_KEY_UIApplicationSupportsIndirectInputEvents = YES;
				INFOPLIST_KEY_UILaunchStoryboardName = LaunchScreen;
				INFOPLIST_KEY_UIMainStoryboardFile = Launch;
				INFOPLIST_KEY_UISupportedInterfaceOrientations_iPad = "UIInterfaceOrientationPortrait UIInterfaceOrientationPortraitUpsideDown UIInterfaceOrientationLandscapeLeft UIInterfaceOrientationLandscapeRight";
				INFOPLIST_KEY_UISupportedInterfaceOrientations_iPhone = "UIInterfaceOrientationPortrait UIInterfaceOrientationLandscapeLeft UIInterfaceOrientationLandscapeRight";
				LD_RUNPATH_SEARCH_PATHS = (
					"$(inherited)",
					"@executable_path/Frameworks",
				);
				MARKETING_VERSION = 1.0;
				PRODUCT_BUNDLE_IDENTIFIER = com.jesusloaiza.CodeChallengeJusto;
				PRODUCT_NAME = "$(TARGET_NAME)";
				SWIFT_EMIT_LOC_STRINGS = YES;
				SWIFT_VERSION = 5.0;
				TARGETED_DEVICE_FAMILY = "1,2";
			};
			name = Debug;
		};
		C0979CB3289F0DE1006AD353 /* Release */ = {
			isa = XCBuildConfiguration;
			baseConfigurationReference = E9D1DB51FFF72BDB27033854 /* Pods-CodeChallengeJusto.release.xcconfig */;
			buildSettings = {
				ASSETCATALOG_COMPILER_APPICON_NAME = AppIcon;
				ASSETCATALOG_COMPILER_GLOBAL_ACCENT_COLOR_NAME = AccentColor;
				CODE_SIGN_STYLE = Automatic;
				CURRENT_PROJECT_VERSION = 1;
				DEVELOPMENT_TEAM = UMFC9Q5AK9;
				GENERATE_INFOPLIST_FILE = YES;
				INFOPLIST_FILE = CodeChallengeJusto/Info.plist;
				INFOPLIST_KEY_UIApplicationSupportsIndirectInputEvents = YES;
				INFOPLIST_KEY_UILaunchStoryboardName = LaunchScreen;
				INFOPLIST_KEY_UIMainStoryboardFile = Launch;
				INFOPLIST_KEY_UISupportedInterfaceOrientations_iPad = "UIInterfaceOrientationPortrait UIInterfaceOrientationPortraitUpsideDown UIInterfaceOrientationLandscapeLeft UIInterfaceOrientationLandscapeRight";
				INFOPLIST_KEY_UISupportedInterfaceOrientations_iPhone = "UIInterfaceOrientationPortrait UIInterfaceOrientationLandscapeLeft UIInterfaceOrientationLandscapeRight";
				LD_RUNPATH_SEARCH_PATHS = (
					"$(inherited)",
					"@executable_path/Frameworks",
				);
				MARKETING_VERSION = 1.0;
				PRODUCT_BUNDLE_IDENTIFIER = com.jesusloaiza.CodeChallengeJusto;
				PRODUCT_NAME = "$(TARGET_NAME)";
				SWIFT_EMIT_LOC_STRINGS = YES;
				SWIFT_VERSION = 5.0;
				TARGETED_DEVICE_FAMILY = "1,2";
			};
			name = Release;
		};
		C0979CB5289F0DE1006AD353 /* Debug */ = {
			isa = XCBuildConfiguration;
			baseConfigurationReference = A9F069D51BE94665409229D8 /* Pods-CodeChallengeJustoTests.debug.xcconfig */;
			buildSettings = {
				ALWAYS_EMBED_SWIFT_STANDARD_LIBRARIES = YES;
				BUNDLE_LOADER = "$(TEST_HOST)";
				CODE_SIGN_STYLE = Automatic;
				CURRENT_PROJECT_VERSION = 1;
				DEVELOPMENT_TEAM = UMFC9Q5AK9;
				GENERATE_INFOPLIST_FILE = YES;
				IPHONEOS_DEPLOYMENT_TARGET = 15.5;
				MARKETING_VERSION = 1.0;
				PRODUCT_BUNDLE_IDENTIFIER = com.jesusloaiza.CodeChallengeJustoTests;
				PRODUCT_NAME = "$(TARGET_NAME)";
				SWIFT_EMIT_LOC_STRINGS = NO;
				SWIFT_VERSION = 5.0;
				TARGETED_DEVICE_FAMILY = "1,2";
				TEST_HOST = "$(BUILT_PRODUCTS_DIR)/CodeChallengeJusto.app/CodeChallengeJusto";
			};
			name = Debug;
		};
		C0979CB6289F0DE1006AD353 /* Release */ = {
			isa = XCBuildConfiguration;
			baseConfigurationReference = 55405EF32071438BBA55743E /* Pods-CodeChallengeJustoTests.release.xcconfig */;
			buildSettings = {
				ALWAYS_EMBED_SWIFT_STANDARD_LIBRARIES = YES;
				BUNDLE_LOADER = "$(TEST_HOST)";
				CODE_SIGN_STYLE = Automatic;
				CURRENT_PROJECT_VERSION = 1;
				DEVELOPMENT_TEAM = UMFC9Q5AK9;
				GENERATE_INFOPLIST_FILE = YES;
				IPHONEOS_DEPLOYMENT_TARGET = 15.5;
				MARKETING_VERSION = 1.0;
				PRODUCT_BUNDLE_IDENTIFIER = com.jesusloaiza.CodeChallengeJustoTests;
				PRODUCT_NAME = "$(TARGET_NAME)";
				SWIFT_EMIT_LOC_STRINGS = NO;
				SWIFT_VERSION = 5.0;
				TARGETED_DEVICE_FAMILY = "1,2";
				TEST_HOST = "$(BUILT_PRODUCTS_DIR)/CodeChallengeJusto.app/CodeChallengeJusto";
			};
			name = Release;
		};
		C0979CB8289F0DE1006AD353 /* Debug */ = {
			isa = XCBuildConfiguration;
			baseConfigurationReference = 686B7D48FEF127ED8B03C615 /* Pods-CodeChallengeJusto-CodeChallengeJustoUITests.debug.xcconfig */;
			buildSettings = {
				ALWAYS_EMBED_SWIFT_STANDARD_LIBRARIES = YES;
				CODE_SIGN_STYLE = Automatic;
				CURRENT_PROJECT_VERSION = 1;
				DEVELOPMENT_TEAM = UMFC9Q5AK9;
				GENERATE_INFOPLIST_FILE = YES;
				MARKETING_VERSION = 1.0;
				PRODUCT_BUNDLE_IDENTIFIER = com.jesusloaiza.CodeChallengeJustoUITests;
				PRODUCT_NAME = "$(TARGET_NAME)";
				SWIFT_EMIT_LOC_STRINGS = NO;
				SWIFT_VERSION = 5.0;
				TARGETED_DEVICE_FAMILY = "1,2";
				TEST_TARGET_NAME = CodeChallengeJusto;
			};
			name = Debug;
		};
		C0979CB9289F0DE1006AD353 /* Release */ = {
			isa = XCBuildConfiguration;
			baseConfigurationReference = 4BE97F61D60EAE920FE23E31 /* Pods-CodeChallengeJusto-CodeChallengeJustoUITests.release.xcconfig */;
			buildSettings = {
				ALWAYS_EMBED_SWIFT_STANDARD_LIBRARIES = YES;
				CODE_SIGN_STYLE = Automatic;
				CURRENT_PROJECT_VERSION = 1;
				DEVELOPMENT_TEAM = UMFC9Q5AK9;
				GENERATE_INFOPLIST_FILE = YES;
				MARKETING_VERSION = 1.0;
				PRODUCT_BUNDLE_IDENTIFIER = com.jesusloaiza.CodeChallengeJustoUITests;
				PRODUCT_NAME = "$(TARGET_NAME)";
				SWIFT_EMIT_LOC_STRINGS = NO;
				SWIFT_VERSION = 5.0;
				TARGETED_DEVICE_FAMILY = "1,2";
				TEST_TARGET_NAME = CodeChallengeJusto;
			};
			name = Release;
		};
/* End XCBuildConfiguration section */

/* Begin XCConfigurationList section */
		C0979C82289F0DDD006AD353 /* Build configuration list for PBXProject "CodeChallengeJusto" */ = {
			isa = XCConfigurationList;
			buildConfigurations = (
				C0979CAF289F0DE1006AD353 /* Debug */,
				C0979CB0289F0DE1006AD353 /* Release */,
			);
			defaultConfigurationIsVisible = 0;
			defaultConfigurationName = Release;
		};
		C0979CB1289F0DE1006AD353 /* Build configuration list for PBXNativeTarget "CodeChallengeJusto" */ = {
			isa = XCConfigurationList;
			buildConfigurations = (
				C0979CB2289F0DE1006AD353 /* Debug */,
				C0979CB3289F0DE1006AD353 /* Release */,
			);
			defaultConfigurationIsVisible = 0;
			defaultConfigurationName = Release;
		};
		C0979CB4289F0DE1006AD353 /* Build configuration list for PBXNativeTarget "CodeChallengeJustoTests" */ = {
			isa = XCConfigurationList;
			buildConfigurations = (
				C0979CB5289F0DE1006AD353 /* Debug */,
				C0979CB6289F0DE1006AD353 /* Release */,
			);
			defaultConfigurationIsVisible = 0;
			defaultConfigurationName = Release;
		};
		C0979CB7289F0DE1006AD353 /* Build configuration list for PBXNativeTarget "CodeChallengeJustoUITests" */ = {
			isa = XCConfigurationList;
			buildConfigurations = (
				C0979CB8289F0DE1006AD353 /* Debug */,
				C0979CB9289F0DE1006AD353 /* Release */,
			);
			defaultConfigurationIsVisible = 0;
			defaultConfigurationName = Release;
		};
/* End XCConfigurationList section */
	};
	rootObject = C0979C7F289F0DDD006AD353 /* Project object */;
}
